
Microsoft Visual Studio Solution File, Format Version 12.00
# Visual Studio Version 17
VisualStudioVersion = 17.8.0.0
MinimumVisualStudioVersion = 17.8.0.0
Project("{9A19103F-16F7-4668-BE54-9A1E7A4F7556}") = "TheBackendCmsSolution.AppHost", "TheBackendCmsSolution.AppHost\TheBackendCmsSolution.AppHost.csproj", "{689A1FAF-8DF9-4A56-B573-B3876BF7810D}"
EndProject
Project("{9A19103F-16F7-4668-BE54-9A1E7A4F7556}") = "TheBackendCmsSolution.ServiceDefaults", "TheBackendCmsSolution.ServiceDefaults\TheBackendCmsSolution.ServiceDefaults.csproj", "{E87CDCC0-2BF0-4BAA-9500-F12AF838183E}"
EndProject
Project("{9A19103F-16F7-4668-BE54-9A1E7A4F7556}") = "TheBackendCmsSolution.ApiService", "TheBackendCmsSolution.ApiService\TheBackendCmsSolution.ApiService.csproj", "{AEE088E8-C707-4783-B079-E31B39633A84}"
EndProject
Project("{9A19103F-16F7-4668-BE54-9A1E7A4F7556}") = "TheBackendCmsSolution.Web", "TheBackendCmsSolution.Web\TheBackendCmsSolution.Web.csproj", "{2B6A07B0-9971-4196-A550-EC9DE359262E}"
EndProject
Project("{9A19103F-16F7-4668-BE54-9A1E7A4F7556}") = "TheBackendCmsSolution.Modules.Abstractions", "Modules\Abstractions\TheBackendCmsSolution.Modules.Abstractions.csproj", "{52F401ED-A5DA-4EA2-838C-4A73B9D93B49}"
EndProject
Project("{9A19103F-16F7-4668-BE54-9A1E7A4F7556}") = "TheBackendCmsSolution.Modules.Content", "Modules\Content\TheBackendCmsSolution.Modules.Content.csproj", "{0E63E9EF-7372-4CCA-BD89-79C849D99955}"
EndProject
Project("{9A19103F-16F7-4668-BE54-9A1E7A4F7556}") = "TheBackendCmsSolution.Modules.Users", "Modules\Users\TheBackendCmsSolution.Modules.Users.csproj", "{E68BCFC7-466E-41D4-A028-F49B8885773E}"
EndProject
Project("{9A19103F-16F7-4668-BE54-9A1E7A4F7556}") = "TheBackendCmsSolution.Modules.Taxonomy", "Modules\Taxonomy\TheBackendCmsSolution.Modules.Taxonomy.csproj", "{3BD5038F-3405-4BD3-BED5-A28A00E00234}"
EndProject
Project("{9A19103F-16F7-4668-BE54-9A1E7A4F7556}") = "TheBackendCmsSolution.Modules.Tenants", "Modules\Tenants\TheBackendCmsSolution.Modules.Tenants.csproj", "{68ADEA4D-A744-4B01-BEDB-83947CCF9BE7}"
EndProject
Project("{FAE04EC0-301F-11D3-BF4B-00C04F79EFBC}") = "TheBackendCmsSolution.Tests", "TheBackendCmsSolution.Tests\TheBackendCmsSolution.Tests.csproj", "{06BA41F0-0E31-4331-AAD9-B192D0366CE7}"
EndProject
Project("{2150E333-8FDC-42A3-9474-1A3956D46DE8}") = "Modules", "Modules", "{CA253913-39DE-BFD0-C9A3-4B7EC6FBDF17}"
EndProject
Project("{2150E333-8FDC-42A3-9474-1A3956D46DE8}") = "Identity", "Identity", "{293C06CD-4E17-48BD-9F3B-B5ADDFFA9425}"
EndProject
Project("{FAE04EC0-301F-11D3-BF4B-00C04F79EFBC}") = "TheBackendCmsSolution.Modules.Identity", "Modules\Identity\TheBackendCmsSolution.Modules.Identity.csproj", "{1E887069-E96B-4DC7-AFE6-CBF70DD35FBD}"
EndProject
Global
	GlobalSection(SolutionConfigurationPlatforms) = preSolution
		Debug|Any CPU = Debug|Any CPU
		Debug|x64 = Debug|x64
		Debug|x86 = Debug|x86
		Release|Any CPU = Release|Any CPU
		Release|x64 = Release|x64
		Release|x86 = Release|x86
	EndGlobalSection
	GlobalSection(ProjectConfigurationPlatforms) = postSolution
		{689A1FAF-8DF9-4A56-B573-B3876BF7810D}.Debug|Any CPU.ActiveCfg = Debug|Any CPU
		{689A1FAF-8DF9-4A56-B573-B3876BF7810D}.Debug|Any CPU.Build.0 = Debug|Any CPU
		{689A1FAF-8DF9-4A56-B573-B3876BF7810D}.Debug|x64.ActiveCfg = Debug|Any CPU
		{689A1FAF-8DF9-4A56-B573-B3876BF7810D}.Debug|x64.Build.0 = Debug|Any CPU
		{689A1FAF-8DF9-4A56-B573-B3876BF7810D}.Debug|x86.ActiveCfg = Debug|Any CPU
		{689A1FAF-8DF9-4A56-B573-B3876BF7810D}.Debug|x86.Build.0 = Debug|Any CPU
		{689A1FAF-8DF9-4A56-B573-B3876BF7810D}.Release|Any CPU.ActiveCfg = Release|Any CPU
		{689A1FAF-8DF9-4A56-B573-B3876BF7810D}.Release|Any CPU.Build.0 = Release|Any CPU
		{689A1FAF-8DF9-4A56-B573-B3876BF7810D}.Release|x64.ActiveCfg = Release|Any CPU
		{689A1FAF-8DF9-4A56-B573-B3876BF7810D}.Release|x64.Build.0 = Release|Any CPU
		{689A1FAF-8DF9-4A56-B573-B3876BF7810D}.Release|x86.ActiveCfg = Release|Any CPU
		{689A1FAF-8DF9-4A56-B573-B3876BF7810D}.Release|x86.Build.0 = Release|Any CPU
		{E87CDCC0-2BF0-4BAA-9500-F12AF838183E}.Debug|Any CPU.ActiveCfg = Debug|Any CPU
		{E87CDCC0-2BF0-4BAA-9500-F12AF838183E}.Debug|Any CPU.Build.0 = Debug|Any CPU
		{E87CDCC0-2BF0-4BAA-9500-F12AF838183E}.Debug|x64.ActiveCfg = Debug|Any CPU
		{E87CDCC0-2BF0-4BAA-9500-F12AF838183E}.Debug|x64.Build.0 = Debug|Any CPU
		{E87CDCC0-2BF0-4BAA-9500-F12AF838183E}.Debug|x86.ActiveCfg = Debug|Any CPU
		{E87CDCC0-2BF0-4BAA-9500-F12AF838183E}.Debug|x86.Build.0 = Debug|Any CPU
		{E87CDCC0-2BF0-4BAA-9500-F12AF838183E}.Release|Any CPU.ActiveCfg = Release|Any CPU
		{E87CDCC0-2BF0-4BAA-9500-F12AF838183E}.Release|Any CPU.Build.0 = Release|Any CPU
		{E87CDCC0-2BF0-4BAA-9500-F12AF838183E}.Release|x64.ActiveCfg = Release|Any CPU
		{E87CDCC0-2BF0-4BAA-9500-F12AF838183E}.Release|x64.Build.0 = Release|Any CPU
		{E87CDCC0-2BF0-4BAA-9500-F12AF838183E}.Release|x86.ActiveCfg = Release|Any CPU
		{E87CDCC0-2BF0-4BAA-9500-F12AF838183E}.Release|x86.Build.0 = Release|Any CPU
		{AEE088E8-C707-4783-B079-E31B39633A84}.Debug|Any CPU.ActiveCfg = Debug|Any CPU
		{AEE088E8-C707-4783-B079-E31B39633A84}.Debug|Any CPU.Build.0 = Debug|Any CPU
		{AEE088E8-C707-4783-B079-E31B39633A84}.Debug|x64.ActiveCfg = Debug|Any CPU
		{AEE088E8-C707-4783-B079-E31B39633A84}.Debug|x64.Build.0 = Debug|Any CPU
		{AEE088E8-C707-4783-B079-E31B39633A84}.Debug|x86.ActiveCfg = Debug|Any CPU
		{AEE088E8-C707-4783-B079-E31B39633A84}.Debug|x86.Build.0 = Debug|Any CPU
		{AEE088E8-C707-4783-B079-E31B39633A84}.Release|Any CPU.ActiveCfg = Release|Any CPU
		{AEE088E8-C707-4783-B079-E31B39633A84}.Release|Any CPU.Build.0 = Release|Any CPU
		{AEE088E8-C707-4783-B079-E31B39633A84}.Release|x64.ActiveCfg = Release|Any CPU
		{AEE088E8-C707-4783-B079-E31B39633A84}.Release|x64.Build.0 = Release|Any CPU
		{AEE088E8-C707-4783-B079-E31B39633A84}.Release|x86.ActiveCfg = Release|Any CPU
		{AEE088E8-C707-4783-B079-E31B39633A84}.Release|x86.Build.0 = Release|Any CPU
		{2B6A07B0-9971-4196-A550-EC9DE359262E}.Debug|Any CPU.ActiveCfg = Debug|Any CPU
		{2B6A07B0-9971-4196-A550-EC9DE359262E}.Debug|Any CPU.Build.0 = Debug|Any CPU
		{2B6A07B0-9971-4196-A550-EC9DE359262E}.Debug|x64.ActiveCfg = Debug|Any CPU
		{2B6A07B0-9971-4196-A550-EC9DE359262E}.Debug|x64.Build.0 = Debug|Any CPU
		{2B6A07B0-9971-4196-A550-EC9DE359262E}.Debug|x86.ActiveCfg = Debug|Any CPU
		{2B6A07B0-9971-4196-A550-EC9DE359262E}.Debug|x86.Build.0 = Debug|Any CPU
		{2B6A07B0-9971-4196-A550-EC9DE359262E}.Release|Any CPU.ActiveCfg = Release|Any CPU
		{2B6A07B0-9971-4196-A550-EC9DE359262E}.Release|Any CPU.Build.0 = Release|Any CPU
		{2B6A07B0-9971-4196-A550-EC9DE359262E}.Release|x64.ActiveCfg = Release|Any CPU
		{2B6A07B0-9971-4196-A550-EC9DE359262E}.Release|x64.Build.0 = Release|Any CPU
		{2B6A07B0-9971-4196-A550-EC9DE359262E}.Release|x86.ActiveCfg = Release|Any CPU
		{2B6A07B0-9971-4196-A550-EC9DE359262E}.Release|x86.Build.0 = Release|Any CPU
		{52F401ED-A5DA-4EA2-838C-4A73B9D93B49}.Debug|Any CPU.ActiveCfg = Debug|Any CPU
		{52F401ED-A5DA-4EA2-838C-4A73B9D93B49}.Debug|Any CPU.Build.0 = Debug|Any CPU
		{52F401ED-A5DA-4EA2-838C-4A73B9D93B49}.Debug|x64.ActiveCfg = Debug|Any CPU
		{52F401ED-A5DA-4EA2-838C-4A73B9D93B49}.Debug|x64.Build.0 = Debug|Any CPU
		{52F401ED-A5DA-4EA2-838C-4A73B9D93B49}.Debug|x86.ActiveCfg = Debug|Any CPU
		{52F401ED-A5DA-4EA2-838C-4A73B9D93B49}.Debug|x86.Build.0 = Debug|Any CPU
		{52F401ED-A5DA-4EA2-838C-4A73B9D93B49}.Release|Any CPU.ActiveCfg = Release|Any CPU
		{52F401ED-A5DA-4EA2-838C-4A73B9D93B49}.Release|Any CPU.Build.0 = Release|Any CPU
		{52F401ED-A5DA-4EA2-838C-4A73B9D93B49}.Release|x64.ActiveCfg = Release|Any CPU
		{52F401ED-A5DA-4EA2-838C-4A73B9D93B49}.Release|x64.Build.0 = Release|Any CPU
		{52F401ED-A5DA-4EA2-838C-4A73B9D93B49}.Release|x86.ActiveCfg = Release|Any CPU
		{52F401ED-A5DA-4EA2-838C-4A73B9D93B49}.Release|x86.Build.0 = Release|Any CPU
		{0E63E9EF-7372-4CCA-BD89-79C849D99955}.Debug|Any CPU.ActiveCfg = Debug|Any CPU
		{0E63E9EF-7372-4CCA-BD89-79C849D99955}.Debug|Any CPU.Build.0 = Debug|Any CPU
		{0E63E9EF-7372-4CCA-BD89-79C849D99955}.Debug|x64.ActiveCfg = Debug|Any CPU
		{0E63E9EF-7372-4CCA-BD89-79C849D99955}.Debug|x64.Build.0 = Debug|Any CPU
		{0E63E9EF-7372-4CCA-BD89-79C849D99955}.Debug|x86.ActiveCfg = Debug|Any CPU
		{0E63E9EF-7372-4CCA-BD89-79C849D99955}.Debug|x86.Build.0 = Debug|Any CPU
		{0E63E9EF-7372-4CCA-BD89-79C849D99955}.Release|Any CPU.ActiveCfg = Release|Any CPU
		{0E63E9EF-7372-4CCA-BD89-79C849D99955}.Release|Any CPU.Build.0 = Release|Any CPU
		{0E63E9EF-7372-4CCA-BD89-79C849D99955}.Release|x64.ActiveCfg = Release|Any CPU
		{0E63E9EF-7372-4CCA-BD89-79C849D99955}.Release|x64.Build.0 = Release|Any CPU
		{0E63E9EF-7372-4CCA-BD89-79C849D99955}.Release|x86.ActiveCfg = Release|Any CPU
		{0E63E9EF-7372-4CCA-BD89-79C849D99955}.Release|x86.Build.0 = Release|Any CPU
		{E68BCFC7-466E-41D4-A028-F49B8885773E}.Debug|Any CPU.ActiveCfg = Debug|Any CPU
		{E68BCFC7-466E-41D4-A028-F49B8885773E}.Debug|Any CPU.Build.0 = Debug|Any CPU
		{E68BCFC7-466E-41D4-A028-F49B8885773E}.Debug|x64.ActiveCfg = Debug|Any CPU
		{E68BCFC7-466E-41D4-A028-F49B8885773E}.Debug|x64.Build.0 = Debug|Any CPU
		{E68BCFC7-466E-41D4-A028-F49B8885773E}.Debug|x86.ActiveCfg = Debug|Any CPU
		{E68BCFC7-466E-41D4-A028-F49B8885773E}.Debug|x86.Build.0 = Debug|Any CPU
		{E68BCFC7-466E-41D4-A028-F49B8885773E}.Release|Any CPU.ActiveCfg = Release|Any CPU
		{E68BCFC7-466E-41D4-A028-F49B8885773E}.Release|Any CPU.Build.0 = Release|Any CPU
		{E68BCFC7-466E-41D4-A028-F49B8885773E}.Release|x64.ActiveCfg = Release|Any CPU
		{E68BCFC7-466E-41D4-A028-F49B8885773E}.Release|x64.Build.0 = Release|Any CPU
		{E68BCFC7-466E-41D4-A028-F49B8885773E}.Release|x86.ActiveCfg = Release|Any CPU
		{E68BCFC7-466E-41D4-A028-F49B8885773E}.Release|x86.Build.0 = Release|Any CPU
		{3BD5038F-3405-4BD3-BED5-A28A00E00234}.Debug|Any CPU.ActiveCfg = Debug|Any CPU
		{3BD5038F-3405-4BD3-BED5-A28A00E00234}.Debug|Any CPU.Build.0 = Debug|Any CPU
		{3BD5038F-3405-4BD3-BED5-A28A00E00234}.Debug|x64.ActiveCfg = Debug|Any CPU
		{3BD5038F-3405-4BD3-BED5-A28A00E00234}.Debug|x64.Build.0 = Debug|Any CPU
		{3BD5038F-3405-4BD3-BED5-A28A00E00234}.Debug|x86.ActiveCfg = Debug|Any CPU
		{3BD5038F-3405-4BD3-BED5-A28A00E00234}.Debug|x86.Build.0 = Debug|Any CPU
		{3BD5038F-3405-4BD3-BED5-A28A00E00234}.Release|Any CPU.ActiveCfg = Release|Any CPU
		{3BD5038F-3405-4BD3-BED5-A28A00E00234}.Release|Any CPU.Build.0 = Release|Any CPU
		{3BD5038F-3405-4BD3-BED5-A28A00E00234}.Release|x64.ActiveCfg = Release|Any CPU
		{3BD5038F-3405-4BD3-BED5-A28A00E00234}.Release|x64.Build.0 = Release|Any CPU
		{3BD5038F-3405-4BD3-BED5-A28A00E00234}.Release|x86.ActiveCfg = Release|Any CPU
		{3BD5038F-3405-4BD3-BED5-A28A00E00234}.Release|x86.Build.0 = Release|Any CPU
		{68ADEA4D-A744-4B01-BEDB-83947CCF9BE7}.Debug|Any CPU.ActiveCfg = Debug|Any CPU
		{68ADEA4D-A744-4B01-BEDB-83947CCF9BE7}.Debug|Any CPU.Build.0 = Debug|Any CPU
		{68ADEA4D-A744-4B01-BEDB-83947CCF9BE7}.Debug|x64.ActiveCfg = Debug|Any CPU
		{68ADEA4D-A744-4B01-BEDB-83947CCF9BE7}.Debug|x64.Build.0 = Debug|Any CPU
		{68ADEA4D-A744-4B01-BEDB-83947CCF9BE7}.Debug|x86.ActiveCfg = Debug|Any CPU
		{68ADEA4D-A744-4B01-BEDB-83947CCF9BE7}.Debug|x86.Build.0 = Debug|Any CPU
		{68ADEA4D-A744-4B01-BEDB-83947CCF9BE7}.Release|Any CPU.ActiveCfg = Release|Any CPU
		{68ADEA4D-A744-4B01-BEDB-83947CCF9BE7}.Release|Any CPU.Build.0 = Release|Any CPU
		{68ADEA4D-A744-4B01-BEDB-83947CCF9BE7}.Release|x64.ActiveCfg = Release|Any CPU
		{68ADEA4D-A744-4B01-BEDB-83947CCF9BE7}.Release|x64.Build.0 = Release|Any CPU
		{68ADEA4D-A744-4B01-BEDB-83947CCF9BE7}.Release|x86.ActiveCfg = Release|Any CPU
		{68ADEA4D-A744-4B01-BEDB-83947CCF9BE7}.Release|x86.Build.0 = Release|Any CPU
		{06BA41F0-0E31-4331-AAD9-B192D0366CE7}.Debug|Any CPU.ActiveCfg = Debug|Any CPU
		{06BA41F0-0E31-4331-AAD9-B192D0366CE7}.Debug|Any CPU.Build.0 = Debug|Any CPU
		{06BA41F0-0E31-4331-AAD9-B192D0366CE7}.Debug|x64.ActiveCfg = Debug|Any CPU
		{06BA41F0-0E31-4331-AAD9-B192D0366CE7}.Debug|x64.Build.0 = Debug|Any CPU
		{06BA41F0-0E31-4331-AAD9-B192D0366CE7}.Debug|x86.ActiveCfg = Debug|Any CPU
		{06BA41F0-0E31-4331-AAD9-B192D0366CE7}.Debug|x86.Build.0 = Debug|Any CPU
		{06BA41F0-0E31-4331-AAD9-B192D0366CE7}.Release|Any CPU.ActiveCfg = Release|Any CPU
		{06BA41F0-0E31-4331-AAD9-B192D0366CE7}.Release|Any CPU.Build.0 = Release|Any CPU
		{06BA41F0-0E31-4331-AAD9-B192D0366CE7}.Release|x64.ActiveCfg = Release|Any CPU
		{06BA41F0-0E31-4331-AAD9-B192D0366CE7}.Release|x64.Build.0 = Release|Any CPU
		{06BA41F0-0E31-4331-AAD9-B192D0366CE7}.Release|x86.ActiveCfg = Release|Any CPU
		{06BA41F0-0E31-4331-AAD9-B192D0366CE7}.Release|x86.Build.0 = Release|Any CPU
		{1E887069-E96B-4DC7-AFE6-CBF70DD35FBD}.Debug|Any CPU.ActiveCfg = Debug|Any CPU
		{1E887069-E96B-4DC7-AFE6-CBF70DD35FBD}.Debug|Any CPU.Build.0 = Debug|Any CPU
		{1E887069-E96B-4DC7-AFE6-CBF70DD35FBD}.Debug|x64.ActiveCfg = Debug|Any CPU
		{1E887069-E96B-4DC7-AFE6-CBF70DD35FBD}.Debug|x64.Build.0 = Debug|Any CPU
		{1E887069-E96B-4DC7-AFE6-CBF70DD35FBD}.Debug|x86.ActiveCfg = Debug|Any CPU
		{1E887069-E96B-4DC7-AFE6-CBF70DD35FBD}.Debug|x86.Build.0 = Debug|Any CPU
		{1E887069-E96B-4DC7-AFE6-CBF70DD35FBD}.Release|Any CPU.ActiveCfg = Release|Any CPU
		{1E887069-E96B-4DC7-AFE6-CBF70DD35FBD}.Release|Any CPU.Build.0 = Release|Any CPU
		{1E887069-E96B-4DC7-AFE6-CBF70DD35FBD}.Release|x64.ActiveCfg = Release|Any CPU
		{1E887069-E96B-4DC7-AFE6-CBF70DD35FBD}.Release|x64.Build.0 = Release|Any CPU
		{1E887069-E96B-4DC7-AFE6-CBF70DD35FBD}.Release|x86.ActiveCfg = Release|Any CPU
		{1E887069-E96B-4DC7-AFE6-CBF70DD35FBD}.Release|x86.Build.0 = Release|Any CPU
	EndGlobalSection
	GlobalSection(SolutionProperties) = preSolution
		HideSolutionNode = FALSE
	EndGlobalSection
	GlobalSection(NestedProjects) = preSolution
		{293C06CD-4E17-48BD-9F3B-B5ADDFFA9425} = {CA253913-39DE-BFD0-C9A3-4B7EC6FBDF17}
		{1E887069-E96B-4DC7-AFE6-CBF70DD35FBD} = {293C06CD-4E17-48BD-9F3B-B5ADDFFA9425}
	EndGlobalSection
	GlobalSection(ExtensibilityGlobals) = postSolution
		SolutionGuid = {F09F3A73-5F1A-4E64-9C94-B1026BD836C4}
	EndGlobalSection
EndGlobal
